
Microsoft Visual Studio Solution File, Format Version 12.00
# Visual Studio Version 16
VisualStudioVersion = 16.0.31702.278
MinimumVisualStudioVersion = 10.0.40219.1
Project("{FAE04EC0-301F-11D3-BF4B-00C04F79EFBC}") = "try catch1", "try catch1\try catch1.csproj", "{010ACD19-FBA3-4D71-8C62-595FADCF51A4}"
EndProject
Global
	GlobalSection(SolutionConfigurationPlatforms) = preSolution
		Debug|Any CPU = Debug|Any CPU
		Release|Any CPU = Release|Any CPU
	EndGlobalSection
	GlobalSection(ProjectConfigurationPlatforms) = postSolution
		{010ACD19-FBA3-4D71-8C62-595FADCF51A4}.Debug|Any CPU.ActiveCfg = Debug|Any CPU
		{010ACD19-FBA3-4D71-8C62-595FADCF51A4}.Debug|Any CPU.Build.0 = Debug|Any CPU
		{010ACD19-FBA3-4D71-8C62-595FADCF51A4}.Release|Any CPU.ActiveCfg = Release|Any CPU
		{010ACD19-FBA3-4D71-8C62-595FADCF51A4}.Release|Any CPU.Build.0 = Release|Any CPU
	EndGlobalSection
	GlobalSection(SolutionProperties) = preSolution
		HideSolutionNode = FALSE
	EndGlobalSection
	GlobalSection(ExtensibilityGlobals) = postSolution
		SolutionGuid = {4B5FE7A2-649A-4373-BF97-98948A0CFB4E}
	EndGlobalSection
EndGlobal
